{
    "requires": true,
    "lockfileVersion": 1,
    "dependencies": {
        "bootstrap-show-password": {
            "version": "1.2.1",
            "resolved": "https://registry.npmjs.org/bootstrap-show-password/-/bootstrap-show-password-1.2.1.tgz",
            "integrity": "sha512-AAKUC1MrXowakbP9nJBUTzUmG5XrG4/fc4abhXrBGxkutp9aK6/XlyqiuFJ04gDFhslDt/nncWNQ+pxGZYdRNQ=="
        },
        "pretty-checkbox": {
            "version": "3.0.3",
            "resolved": "https://registry.npmjs.org/pretty-checkbox/-/pretty-checkbox-3.0.3.tgz",
            "integrity": "sha1-1JyAE6j8CO4MLW695FNGS/28Qo4="
        }
    }
}
